
Microsoft Visual Studio Solution File, Format Version 12.00
# Visual Studio Version 17
VisualStudioVersion = 17.1.32328.378
MinimumVisualStudioVersion = 10.0.40219.1
Project("{FAE04EC0-301F-11D3-BF4B-00C04F79EFBC}") = "ConnectionAppS", "ConnectionAppS\ConnectionAppS.csproj", "{0DCB6A1A-EA97-4FFF-9D7D-57DD0929A9D6}"
EndProject
Global
	GlobalSection(SolutionConfigurationPlatforms) = preSolution
		Debug|Any CPU = Debug|Any CPU
		Release|Any CPU = Release|Any CPU
	EndGlobalSection
	GlobalSection(ProjectConfigurationPlatforms) = postSolution
		{0DCB6A1A-EA97-4FFF-9D7D-57DD0929A9D6}.Debug|Any CPU.ActiveCfg = Debug|Any CPU
		{0DCB6A1A-EA97-4FFF-9D7D-57DD0929A9D6}.Debug|Any CPU.Build.0 = Debug|Any CPU
		{0DCB6A1A-EA97-4FFF-9D7D-57DD0929A9D6}.Release|Any CPU.ActiveCfg = Release|Any CPU
		{0DCB6A1A-EA97-4FFF-9D7D-57DD0929A9D6}.Release|Any CPU.Build.0 = Release|Any CPU
	EndGlobalSection
	GlobalSection(SolutionProperties) = preSolution
		HideSolutionNode = FALSE
	EndGlobalSection
	GlobalSection(ExtensibilityGlobals) = postSolution
		SolutionGuid = {EEE8090E-6511-4F70-B3A2-A914F946B8E5}
	EndGlobalSection
EndGlobal
